lockfileVersion: '9.0'

settings:
  autoInstallPeers: true
  excludeLinksFromLockfile: false

importers:

  .:
    dependencies:
      '@tty-pt/mk':
        specifier: ^0.0.1
        version: 0.0.1
      '@tty-pt/ndc':
        specifier: ^0.9.7
        version: 0.9.7(@tty-pt/qdb@0.0.14)(@xterm/addon-fit@0.10.0(@xterm/xterm@5.5.0))(@xterm/addon-web-links@0.11.0(@xterm/xterm@5.5.0))(@xterm/xterm@5.5.0)
      '@tty-pt/qdb':
        specifier: ^0.0.14
        version: 0.0.14

packages:

  '@tty-pt/mk@0.0.1':
    resolution: {integrity: sha512-0mttCm5t4LmSmmh1AJL09011iLvodGycIJzYy1KM6XNSjKZWVlqlkm/caT6c2eoXZok6EkATGH8L/Y3bMrBrTQ==}

  '@tty-pt/ndc@0.9.7':
    resolution: {integrity: sha512-gEeCrgZVjEF199+pniaMKPt0rzcgOPah0D51GeQ5beHyEQTDCpC8hFsZ0ua7go+yTq4Ghe8hxHxu5Yioa3Ez6w==}
    hasBin: true
    peerDependencies:
      '@tty-pt/qdb': ^0.0.14
      '@xterm/addon-fit': ^0.10.0
      '@xterm/addon-web-links': ^0.11.0
      '@xterm/xterm': ^5.5.0

  '@tty-pt/qdb@0.0.14':
    resolution: {integrity: sha512-VDTWsPUf4sj0JRYc+wDL67TalfHt/1g8B8fkZ+Gzpq1hQkLBxZFJWPk8atJ9CGjMT5hPsXd+oWNeG19LFs+x5A==}

  '@xterm/addon-fit@0.10.0':
    resolution: {integrity: sha512-UFYkDm4HUahf2lnEyHvio51TNGiLK66mqP2JoATy7hRZeXaGMRDr00JiSF7m63vR5WKATF605yEggJKsw0JpMQ==}
    peerDependencies:
      '@xterm/xterm': ^5.0.0

  '@xterm/addon-web-links@0.11.0':
    resolution: {integrity: sha512-nIHQ38pQI+a5kXnRaTgwqSHnX7KE6+4SVoceompgHL26unAxdfP6IPqUTSYPQgSwM56hsElfoNrrW5V7BUED/Q==}
    peerDependencies:
      '@xterm/xterm': ^5.0.0

  '@xterm/xterm@5.5.0':
    resolution: {integrity: sha512-hqJHYaQb5OptNunnyAnkHyM8aCjZ1MEIDTQu1iIbbTD/xops91NB5yq1ZK/dC2JDbVWtF23zUtl9JE2NqwT87A==}

snapshots:

  '@tty-pt/mk@0.0.1': {}

  '@tty-pt/ndc@0.9.7(@tty-pt/qdb@0.0.14)(@xterm/addon-fit@0.10.0(@xterm/xterm@5.5.0))(@xterm/addon-web-links@0.11.0(@xterm/xterm@5.5.0))(@xterm/xterm@5.5.0)':
    dependencies:
      '@tty-pt/mk': 0.0.1
      '@tty-pt/qdb': 0.0.14
      '@xterm/addon-fit': 0.10.0(@xterm/xterm@5.5.0)
      '@xterm/addon-web-links': 0.11.0(@xterm/xterm@5.5.0)
      '@xterm/xterm': 5.5.0

  '@tty-pt/qdb@0.0.14': {}

  '@xterm/addon-fit@0.10.0(@xterm/xterm@5.5.0)':
    dependencies:
      '@xterm/xterm': 5.5.0

  '@xterm/addon-web-links@0.11.0(@xterm/xterm@5.5.0)':
    dependencies:
      '@xterm/xterm': 5.5.0

  '@xterm/xterm@5.5.0': {}
