lockfileVersion: '9.0'

settings:
  autoInstallPeers: true
  excludeLinksFromLockfile: false

importers:

  .:
    dependencies:
      '@tty-pt/mk':
        specifier: ^0.0.13
        version: 0.0.13
      '@tty-pt/ndc':
        specifier: ^0.10.0
        version: 0.10.0(@tty-pt/mk@0.0.13)(@tty-pt/qdb@0.0.14)(@xterm/addon-fit@0.10.0(@xterm/xterm@5.5.0))(@xterm/addon-web-links@0.11.0(@xterm/xterm@5.5.0))(@xterm/xterm@5.5.0)
      '@tty-pt/qdb':
        specifier: ^0.0.14
        version: 0.0.14

packages:

  '@tty-pt/mk@0.0.13':
    resolution: {integrity: sha512-2buJa+LXGgJsSttlRA5YMa2h7KUdZXPumZXCQn/YK7q8vMGHgPlE3G2XSbvEkOGxVoJrjmP9ctmJCD6SBxCCqw==}

  '@tty-pt/ndc@0.10.0':
    resolution: {integrity: sha512-8Sk7RvP/HcVrunGBoIImkr8xr5vQhski1wh61s7suglC03LwOe4G5tFuLK3pX2SKqhZCxm/Yr62YqMTE5n0+nA==}
    hasBin: true
    peerDependencies:
      '@tty-pt/mk': ^0.0.13
      '@tty-pt/qdb': ^0.0.14
      '@xterm/addon-fit': ^0.10.0
      '@xterm/addon-web-links': ^0.11.0
      '@xterm/xterm': ^5.5.0

  '@tty-pt/qdb@0.0.14':
    resolution: {integrity: sha512-VDTWsPUf4sj0JRYc+wDL67TalfHt/1g8B8fkZ+Gzpq1hQkLBxZFJWPk8atJ9CGjMT5hPsXd+oWNeG19LFs+x5A==}

  '@xterm/addon-fit@0.10.0':
    resolution: {integrity: sha512-UFYkDm4HUahf2lnEyHvio51TNGiLK66mqP2JoATy7hRZeXaGMRDr00JiSF7m63vR5WKATF605yEggJKsw0JpMQ==}
    peerDependencies:
      '@xterm/xterm': ^5.0.0

  '@xterm/addon-web-links@0.11.0':
    resolution: {integrity: sha512-nIHQ38pQI+a5kXnRaTgwqSHnX7KE6+4SVoceompgHL26unAxdfP6IPqUTSYPQgSwM56hsElfoNrrW5V7BUED/Q==}
    peerDependencies:
      '@xterm/xterm': ^5.0.0

  '@xterm/xterm@5.5.0':
    resolution: {integrity: sha512-hqJHYaQb5OptNunnyAnkHyM8aCjZ1MEIDTQu1iIbbTD/xops91NB5yq1ZK/dC2JDbVWtF23zUtl9JE2NqwT87A==}

snapshots:

  '@tty-pt/mk@0.0.13': {}

  '@tty-pt/ndc@0.10.0(@tty-pt/mk@0.0.13)(@tty-pt/qdb@0.0.14)(@xterm/addon-fit@0.10.0(@xterm/xterm@5.5.0))(@xterm/addon-web-links@0.11.0(@xterm/xterm@5.5.0))(@xterm/xterm@5.5.0)':
    dependencies:
      '@tty-pt/mk': 0.0.13
      '@tty-pt/qdb': 0.0.14
      '@xterm/addon-fit': 0.10.0(@xterm/xterm@5.5.0)
      '@xterm/addon-web-links': 0.11.0(@xterm/xterm@5.5.0)
      '@xterm/xterm': 5.5.0

  '@tty-pt/qdb@0.0.14': {}

  '@xterm/addon-fit@0.10.0(@xterm/xterm@5.5.0)':
    dependencies:
      '@xterm/xterm': 5.5.0

  '@xterm/addon-web-links@0.11.0(@xterm/xterm@5.5.0)':
    dependencies:
      '@xterm/xterm': 5.5.0

  '@xterm/xterm@5.5.0': {}
